
Microsoft Visual Studio Solution File, Format Version 12.00
# Visual Studio 15
VisualStudioVersion = 15.0.28010.2016
MinimumVisualStudioVersion = 10.0.40219.1
Project("{FAE04EC0-301F-11D3-BF4B-00C04F79EFBC}") = "git1", "git1\git1.csproj", "{77757CD1-6176-4B5D-9CBA-F31745EA63F8}"
EndProject
Global
	GlobalSection(SolutionConfigurationPlatforms) = preSolution
		Debug|Any CPU = Debug|Any CPU
		Release|Any CPU = Release|Any CPU
	EndGlobalSection
	GlobalSection(ProjectConfigurationPlatforms) = postSolution
		{77757CD1-6176-4B5D-9CBA-F31745EA63F8}.Debug|Any CPU.ActiveCfg = Debug|Any CPU
		{77757CD1-6176-4B5D-9CBA-F31745EA63F8}.Debug|Any CPU.Build.0 = Debug|Any CPU
		{77757CD1-6176-4B5D-9CBA-F31745EA63F8}.Release|Any CPU.ActiveCfg = Release|Any CPU
		{77757CD1-6176-4B5D-9CBA-F31745EA63F8}.Release|Any CPU.Build.0 = Release|Any CPU
	EndGlobalSection
	GlobalSection(SolutionProperties) = preSolution
		HideSolutionNode = FALSE
	EndGlobalSection
	GlobalSection(ExtensibilityGlobals) = postSolution
		SolutionGuid = {72C37FA6-F4FB-4502-9830-08DAFE3835BE}
	EndGlobalSection
EndGlobal
